
Microsoft Visual Studio Solution File, Format Version 11.00
# Visual Studio 2010
Project("{FAE04EC0-301F-11D3-BF4B-00C04F79EFBC}") = "Ibasa", "Ibasa\Ibasa.csproj", "{5BDD6D94-0FA4-415C-9625-141347AC5BEF}"
EndProject
Project("{FAE04EC0-301F-11D3-BF4B-00C04F79EFBC}") = "Numerics", "Numerics\Numerics.csproj", "{506E525D-5B23-4066-904D-C054C3EF74A8}"
EndProject
Project("{FAE04EC0-301F-11D3-BF4B-00C04F79EFBC}") = "Numerics Generator", "Numerics Generator\Numerics Generator.csproj", "{51B367DF-235D-43AC-BDF5-8DE3781AA76F}"
EndProject
Project("{FAE04EC0-301F-11D3-BF4B-00C04F79EFBC}") = "Spatial", "Spatial\Spatial.csproj", "{DC1263DC-87AD-4A2A-9115-DFC77E88074A}"
EndProject
Project("{FAE04EC0-301F-11D3-BF4B-00C04F79EFBC}") = "SharpIL", "SharpIL\SharpIL.csproj", "{55ACA20C-0204-4A40-B274-5BC258CEC87F}"
EndProject
Project("{FAE04EC0-301F-11D3-BF4B-00C04F79EFBC}") = "Media", "Media\Media.csproj", "{E60F78BE-B464-4894-81BE-18140411B5FE}"
EndProject
Project("{FAE04EC0-301F-11D3-BF4B-00C04F79EFBC}") = "Graphics", "Graphics\Graphics.csproj", "{005CDA62-BC5A-49DF-A9A1-835070AE06B4}"
EndProject
Global
	GlobalSection(SolutionConfigurationPlatforms) = preSolution
		Debug|Any CPU = Debug|Any CPU
		Release|Any CPU = Release|Any CPU
	EndGlobalSection
	GlobalSection(ProjectConfigurationPlatforms) = postSolution
		{5BDD6D94-0FA4-415C-9625-141347AC5BEF}.Debug|Any CPU.ActiveCfg = Debug|Any CPU
		{5BDD6D94-0FA4-415C-9625-141347AC5BEF}.Debug|Any CPU.Build.0 = Debug|Any CPU
		{5BDD6D94-0FA4-415C-9625-141347AC5BEF}.Release|Any CPU.ActiveCfg = Release|Any CPU
		{5BDD6D94-0FA4-415C-9625-141347AC5BEF}.Release|Any CPU.Build.0 = Release|Any CPU
		{506E525D-5B23-4066-904D-C054C3EF74A8}.Debug|Any CPU.ActiveCfg = Debug|Any CPU
		{506E525D-5B23-4066-904D-C054C3EF74A8}.Debug|Any CPU.Build.0 = Debug|Any CPU
		{506E525D-5B23-4066-904D-C054C3EF74A8}.Release|Any CPU.ActiveCfg = Release|Any CPU
		{506E525D-5B23-4066-904D-C054C3EF74A8}.Release|Any CPU.Build.0 = Release|Any CPU
		{51B367DF-235D-43AC-BDF5-8DE3781AA76F}.Debug|Any CPU.ActiveCfg = Debug|Any CPU
		{51B367DF-235D-43AC-BDF5-8DE3781AA76F}.Debug|Any CPU.Build.0 = Debug|Any CPU
		{51B367DF-235D-43AC-BDF5-8DE3781AA76F}.Release|Any CPU.ActiveCfg = Release|Any CPU
		{51B367DF-235D-43AC-BDF5-8DE3781AA76F}.Release|Any CPU.Build.0 = Release|Any CPU
		{DC1263DC-87AD-4A2A-9115-DFC77E88074A}.Debug|Any CPU.ActiveCfg = Debug|Any CPU
		{DC1263DC-87AD-4A2A-9115-DFC77E88074A}.Debug|Any CPU.Build.0 = Debug|Any CPU
		{DC1263DC-87AD-4A2A-9115-DFC77E88074A}.Release|Any CPU.ActiveCfg = Release|Any CPU
		{DC1263DC-87AD-4A2A-9115-DFC77E88074A}.Release|Any CPU.Build.0 = Release|Any CPU
		{55ACA20C-0204-4A40-B274-5BC258CEC87F}.Debug|Any CPU.ActiveCfg = Debug|Any CPU
		{55ACA20C-0204-4A40-B274-5BC258CEC87F}.Debug|Any CPU.Build.0 = Debug|Any CPU
		{55ACA20C-0204-4A40-B274-5BC258CEC87F}.Release|Any CPU.ActiveCfg = Release|Any CPU
		{55ACA20C-0204-4A40-B274-5BC258CEC87F}.Release|Any CPU.Build.0 = Release|Any CPU
		{E60F78BE-B464-4894-81BE-18140411B5FE}.Debug|Any CPU.ActiveCfg = Debug|Any CPU
		{E60F78BE-B464-4894-81BE-18140411B5FE}.Debug|Any CPU.Build.0 = Debug|Any CPU
		{E60F78BE-B464-4894-81BE-18140411B5FE}.Release|Any CPU.ActiveCfg = Release|Any CPU
		{E60F78BE-B464-4894-81BE-18140411B5FE}.Release|Any CPU.Build.0 = Release|Any CPU
		{005CDA62-BC5A-49DF-A9A1-835070AE06B4}.Debug|Any CPU.ActiveCfg = Debug|Any CPU
		{005CDA62-BC5A-49DF-A9A1-835070AE06B4}.Debug|Any CPU.Build.0 = Debug|Any CPU
		{005CDA62-BC5A-49DF-A9A1-835070AE06B4}.Release|Any CPU.ActiveCfg = Release|Any CPU
		{005CDA62-BC5A-49DF-A9A1-835070AE06B4}.Release|Any CPU.Build.0 = Release|Any CPU
	EndGlobalSection
	GlobalSection(SolutionProperties) = preSolution
		HideSolutionNode = FALSE
	EndGlobalSection
EndGlobal
