
Microsoft Visual Studio Solution File, Format Version 11.00
# Visual Studio 2010
Project("{FAE04EC0-301F-11D3-BF4B-00C04F79EFBC}") = "Ibasa", "Ibasa\Ibasa.csproj", "{5BDD6D94-0FA4-415C-9625-141347AC5BEF}"
EndProject
Project("{FAE04EC0-301F-11D3-BF4B-00C04F79EFBC}") = "Numerics", "Numerics\Numerics.csproj", "{506E525D-5B23-4066-904D-C054C3EF74A8}"
EndProject
Project("{FAE04EC0-301F-11D3-BF4B-00C04F79EFBC}") = "Numerics Generator", "Numerics Generator\Numerics Generator.csproj", "{51B367DF-235D-43AC-BDF5-8DE3781AA76F}"
EndProject
Project("{FAE04EC0-301F-11D3-BF4B-00C04F79EFBC}") = "Spatial", "Spatial\Spatial.csproj", "{DC1263DC-87AD-4A2A-9115-DFC77E88074A}"
EndProject
Project("{FAE04EC0-301F-11D3-BF4B-00C04F79EFBC}") = "SharpIL", "SharpIL\SharpIL.csproj", "{55ACA20C-0204-4A40-B274-5BC258CEC87F}"
EndProject
Project("{FAE04EC0-301F-11D3-BF4B-00C04F79EFBC}") = "Media", "Media\Media.csproj", "{E60F78BE-B464-4894-81BE-18140411B5FE}"
EndProject
Project("{FAE04EC0-301F-11D3-BF4B-00C04F79EFBC}") = "Graphics", "Graphics\Graphics.csproj", "{005CDA62-BC5A-49DF-A9A1-835070AE06B4}"
EndProject
Project("{FAE04EC0-301F-11D3-BF4B-00C04F79EFBC}") = "Game", "Game\Game.csproj", "{A61DDA63-FF55-4393-8390-D3B94911B31E}"
EndProject
Project("{FAE04EC0-301F-11D3-BF4B-00C04F79EFBC}") = "Packaging", "Packaging\Packaging.csproj", "{7EE0D750-A48A-4832-AF90-A1DE4D73B7AB}"
EndProject
Project("{FAE04EC0-301F-11D3-BF4B-00C04F79EFBC}") = "Valve", "Valve\Valve.csproj", "{4AA2EC27-4E8D-4812-820E-00C23534B054}"
EndProject
Project("{FAE04EC0-301F-11D3-BF4B-00C04F79EFBC}") = "Audio", "Audio\Audio.csproj", "{39B5D464-05B2-4DCE-80C2-E74AC543494C}"
EndProject
Project("{FAE04EC0-301F-11D3-BF4B-00C04F79EFBC}") = "Test", "Test\Test.csproj", "{8BB66219-AD47-4B9A-8274-72133B867F96}"
EndProject
Global
	GlobalSection(SolutionConfigurationPlatforms) = preSolution
		Debug|Any CPU = Debug|Any CPU
		Debug|Mixed Platforms = Debug|Mixed Platforms
		Debug|x86 = Debug|x86
		Release|Any CPU = Release|Any CPU
		Release|Mixed Platforms = Release|Mixed Platforms
		Release|x86 = Release|x86
	EndGlobalSection
	GlobalSection(ProjectConfigurationPlatforms) = postSolution
		{5BDD6D94-0FA4-415C-9625-141347AC5BEF}.Debug|Any CPU.ActiveCfg = Debug|Any CPU
		{5BDD6D94-0FA4-415C-9625-141347AC5BEF}.Debug|Any CPU.Build.0 = Debug|Any CPU
		{5BDD6D94-0FA4-415C-9625-141347AC5BEF}.Debug|Mixed Platforms.ActiveCfg = Debug|Any CPU
		{5BDD6D94-0FA4-415C-9625-141347AC5BEF}.Debug|Mixed Platforms.Build.0 = Debug|Any CPU
		{5BDD6D94-0FA4-415C-9625-141347AC5BEF}.Debug|x86.ActiveCfg = Debug|Any CPU
		{5BDD6D94-0FA4-415C-9625-141347AC5BEF}.Release|Any CPU.ActiveCfg = Release|Any CPU
		{5BDD6D94-0FA4-415C-9625-141347AC5BEF}.Release|Any CPU.Build.0 = Release|Any CPU
		{5BDD6D94-0FA4-415C-9625-141347AC5BEF}.Release|Mixed Platforms.ActiveCfg = Release|Any CPU
		{5BDD6D94-0FA4-415C-9625-141347AC5BEF}.Release|Mixed Platforms.Build.0 = Release|Any CPU
		{5BDD6D94-0FA4-415C-9625-141347AC5BEF}.Release|x86.ActiveCfg = Release|Any CPU
		{506E525D-5B23-4066-904D-C054C3EF74A8}.Debug|Any CPU.ActiveCfg = Debug|Any CPU
		{506E525D-5B23-4066-904D-C054C3EF74A8}.Debug|Any CPU.Build.0 = Debug|Any CPU
		{506E525D-5B23-4066-904D-C054C3EF74A8}.Debug|Mixed Platforms.ActiveCfg = Debug|Any CPU
		{506E525D-5B23-4066-904D-C054C3EF74A8}.Debug|Mixed Platforms.Build.0 = Debug|Any CPU
		{506E525D-5B23-4066-904D-C054C3EF74A8}.Debug|x86.ActiveCfg = Debug|Any CPU
		{506E525D-5B23-4066-904D-C054C3EF74A8}.Release|Any CPU.ActiveCfg = Release|Any CPU
		{506E525D-5B23-4066-904D-C054C3EF74A8}.Release|Any CPU.Build.0 = Release|Any CPU
		{506E525D-5B23-4066-904D-C054C3EF74A8}.Release|Mixed Platforms.ActiveCfg = Release|Any CPU
		{506E525D-5B23-4066-904D-C054C3EF74A8}.Release|Mixed Platforms.Build.0 = Release|Any CPU
		{506E525D-5B23-4066-904D-C054C3EF74A8}.Release|x86.ActiveCfg = Release|Any CPU
		{51B367DF-235D-43AC-BDF5-8DE3781AA76F}.Debug|Any CPU.ActiveCfg = Debug|Any CPU
		{51B367DF-235D-43AC-BDF5-8DE3781AA76F}.Debug|Any CPU.Build.0 = Debug|Any CPU
		{51B367DF-235D-43AC-BDF5-8DE3781AA76F}.Debug|Mixed Platforms.ActiveCfg = Debug|Any CPU
		{51B367DF-235D-43AC-BDF5-8DE3781AA76F}.Debug|Mixed Platforms.Build.0 = Debug|Any CPU
		{51B367DF-235D-43AC-BDF5-8DE3781AA76F}.Debug|x86.ActiveCfg = Debug|Any CPU
		{51B367DF-235D-43AC-BDF5-8DE3781AA76F}.Release|Any CPU.ActiveCfg = Release|Any CPU
		{51B367DF-235D-43AC-BDF5-8DE3781AA76F}.Release|Any CPU.Build.0 = Release|Any CPU
		{51B367DF-235D-43AC-BDF5-8DE3781AA76F}.Release|Mixed Platforms.ActiveCfg = Release|Any CPU
		{51B367DF-235D-43AC-BDF5-8DE3781AA76F}.Release|Mixed Platforms.Build.0 = Release|Any CPU
		{51B367DF-235D-43AC-BDF5-8DE3781AA76F}.Release|x86.ActiveCfg = Release|Any CPU
		{DC1263DC-87AD-4A2A-9115-DFC77E88074A}.Debug|Any CPU.ActiveCfg = Debug|Any CPU
		{DC1263DC-87AD-4A2A-9115-DFC77E88074A}.Debug|Any CPU.Build.0 = Debug|Any CPU
		{DC1263DC-87AD-4A2A-9115-DFC77E88074A}.Debug|Mixed Platforms.ActiveCfg = Debug|Any CPU
		{DC1263DC-87AD-4A2A-9115-DFC77E88074A}.Debug|Mixed Platforms.Build.0 = Debug|Any CPU
		{DC1263DC-87AD-4A2A-9115-DFC77E88074A}.Debug|x86.ActiveCfg = Debug|Any CPU
		{DC1263DC-87AD-4A2A-9115-DFC77E88074A}.Release|Any CPU.ActiveCfg = Release|Any CPU
		{DC1263DC-87AD-4A2A-9115-DFC77E88074A}.Release|Any CPU.Build.0 = Release|Any CPU
		{DC1263DC-87AD-4A2A-9115-DFC77E88074A}.Release|Mixed Platforms.ActiveCfg = Release|Any CPU
		{DC1263DC-87AD-4A2A-9115-DFC77E88074A}.Release|Mixed Platforms.Build.0 = Release|Any CPU
		{DC1263DC-87AD-4A2A-9115-DFC77E88074A}.Release|x86.ActiveCfg = Release|Any CPU
		{55ACA20C-0204-4A40-B274-5BC258CEC87F}.Debug|Any CPU.ActiveCfg = Debug|Any CPU
		{55ACA20C-0204-4A40-B274-5BC258CEC87F}.Debug|Any CPU.Build.0 = Debug|Any CPU
		{55ACA20C-0204-4A40-B274-5BC258CEC87F}.Debug|Mixed Platforms.ActiveCfg = Debug|Any CPU
		{55ACA20C-0204-4A40-B274-5BC258CEC87F}.Debug|Mixed Platforms.Build.0 = Debug|Any CPU
		{55ACA20C-0204-4A40-B274-5BC258CEC87F}.Debug|x86.ActiveCfg = Debug|Any CPU
		{55ACA20C-0204-4A40-B274-5BC258CEC87F}.Release|Any CPU.ActiveCfg = Release|Any CPU
		{55ACA20C-0204-4A40-B274-5BC258CEC87F}.Release|Any CPU.Build.0 = Release|Any CPU
		{55ACA20C-0204-4A40-B274-5BC258CEC87F}.Release|Mixed Platforms.ActiveCfg = Release|Any CPU
		{55ACA20C-0204-4A40-B274-5BC258CEC87F}.Release|Mixed Platforms.Build.0 = Release|Any CPU
		{55ACA20C-0204-4A40-B274-5BC258CEC87F}.Release|x86.ActiveCfg = Release|Any CPU
		{E60F78BE-B464-4894-81BE-18140411B5FE}.Debug|Any CPU.ActiveCfg = Debug|Any CPU
		{E60F78BE-B464-4894-81BE-18140411B5FE}.Debug|Any CPU.Build.0 = Debug|Any CPU
		{E60F78BE-B464-4894-81BE-18140411B5FE}.Debug|Mixed Platforms.ActiveCfg = Debug|Any CPU
		{E60F78BE-B464-4894-81BE-18140411B5FE}.Debug|Mixed Platforms.Build.0 = Debug|Any CPU
		{E60F78BE-B464-4894-81BE-18140411B5FE}.Debug|x86.ActiveCfg = Debug|Any CPU
		{E60F78BE-B464-4894-81BE-18140411B5FE}.Release|Any CPU.ActiveCfg = Release|Any CPU
		{E60F78BE-B464-4894-81BE-18140411B5FE}.Release|Any CPU.Build.0 = Release|Any CPU
		{E60F78BE-B464-4894-81BE-18140411B5FE}.Release|Mixed Platforms.ActiveCfg = Release|Any CPU
		{E60F78BE-B464-4894-81BE-18140411B5FE}.Release|Mixed Platforms.Build.0 = Release|Any CPU
		{E60F78BE-B464-4894-81BE-18140411B5FE}.Release|x86.ActiveCfg = Release|Any CPU
		{005CDA62-BC5A-49DF-A9A1-835070AE06B4}.Debug|Any CPU.ActiveCfg = Debug|Any CPU
		{005CDA62-BC5A-49DF-A9A1-835070AE06B4}.Debug|Any CPU.Build.0 = Debug|Any CPU
		{005CDA62-BC5A-49DF-A9A1-835070AE06B4}.Debug|Mixed Platforms.ActiveCfg = Debug|Any CPU
		{005CDA62-BC5A-49DF-A9A1-835070AE06B4}.Debug|Mixed Platforms.Build.0 = Debug|Any CPU
		{005CDA62-BC5A-49DF-A9A1-835070AE06B4}.Debug|x86.ActiveCfg = Debug|Any CPU
		{005CDA62-BC5A-49DF-A9A1-835070AE06B4}.Release|Any CPU.ActiveCfg = Release|Any CPU
		{005CDA62-BC5A-49DF-A9A1-835070AE06B4}.Release|Any CPU.Build.0 = Release|Any CPU
		{005CDA62-BC5A-49DF-A9A1-835070AE06B4}.Release|Mixed Platforms.ActiveCfg = Release|Any CPU
		{005CDA62-BC5A-49DF-A9A1-835070AE06B4}.Release|Mixed Platforms.Build.0 = Release|Any CPU
		{005CDA62-BC5A-49DF-A9A1-835070AE06B4}.Release|x86.ActiveCfg = Release|Any CPU
		{A61DDA63-FF55-4393-8390-D3B94911B31E}.Debug|Any CPU.ActiveCfg = Debug|Any CPU
		{A61DDA63-FF55-4393-8390-D3B94911B31E}.Debug|Any CPU.Build.0 = Debug|Any CPU
		{A61DDA63-FF55-4393-8390-D3B94911B31E}.Debug|Mixed Platforms.ActiveCfg = Debug|Any CPU
		{A61DDA63-FF55-4393-8390-D3B94911B31E}.Debug|Mixed Platforms.Build.0 = Debug|Any CPU
		{A61DDA63-FF55-4393-8390-D3B94911B31E}.Debug|x86.ActiveCfg = Debug|Any CPU
		{A61DDA63-FF55-4393-8390-D3B94911B31E}.Release|Any CPU.ActiveCfg = Release|Any CPU
		{A61DDA63-FF55-4393-8390-D3B94911B31E}.Release|Any CPU.Build.0 = Release|Any CPU
		{A61DDA63-FF55-4393-8390-D3B94911B31E}.Release|Mixed Platforms.ActiveCfg = Release|Any CPU
		{A61DDA63-FF55-4393-8390-D3B94911B31E}.Release|Mixed Platforms.Build.0 = Release|Any CPU
		{A61DDA63-FF55-4393-8390-D3B94911B31E}.Release|x86.ActiveCfg = Release|Any CPU
		{7EE0D750-A48A-4832-AF90-A1DE4D73B7AB}.Debug|Any CPU.ActiveCfg = Debug|Any CPU
		{7EE0D750-A48A-4832-AF90-A1DE4D73B7AB}.Debug|Any CPU.Build.0 = Debug|Any CPU
		{7EE0D750-A48A-4832-AF90-A1DE4D73B7AB}.Debug|Mixed Platforms.ActiveCfg = Debug|Any CPU
		{7EE0D750-A48A-4832-AF90-A1DE4D73B7AB}.Debug|Mixed Platforms.Build.0 = Debug|Any CPU
		{7EE0D750-A48A-4832-AF90-A1DE4D73B7AB}.Debug|x86.ActiveCfg = Debug|Any CPU
		{7EE0D750-A48A-4832-AF90-A1DE4D73B7AB}.Release|Any CPU.ActiveCfg = Release|Any CPU
		{7EE0D750-A48A-4832-AF90-A1DE4D73B7AB}.Release|Any CPU.Build.0 = Release|Any CPU
		{7EE0D750-A48A-4832-AF90-A1DE4D73B7AB}.Release|Mixed Platforms.ActiveCfg = Release|Any CPU
		{7EE0D750-A48A-4832-AF90-A1DE4D73B7AB}.Release|Mixed Platforms.Build.0 = Release|Any CPU
		{7EE0D750-A48A-4832-AF90-A1DE4D73B7AB}.Release|x86.ActiveCfg = Release|Any CPU
		{4AA2EC27-4E8D-4812-820E-00C23534B054}.Debug|Any CPU.ActiveCfg = Debug|Any CPU
		{4AA2EC27-4E8D-4812-820E-00C23534B054}.Debug|Any CPU.Build.0 = Debug|Any CPU
		{4AA2EC27-4E8D-4812-820E-00C23534B054}.Debug|Mixed Platforms.ActiveCfg = Debug|Any CPU
		{4AA2EC27-4E8D-4812-820E-00C23534B054}.Debug|Mixed Platforms.Build.0 = Debug|Any CPU
		{4AA2EC27-4E8D-4812-820E-00C23534B054}.Debug|x86.ActiveCfg = Debug|Any CPU
		{4AA2EC27-4E8D-4812-820E-00C23534B054}.Release|Any CPU.ActiveCfg = Release|Any CPU
		{4AA2EC27-4E8D-4812-820E-00C23534B054}.Release|Any CPU.Build.0 = Release|Any CPU
		{4AA2EC27-4E8D-4812-820E-00C23534B054}.Release|Mixed Platforms.ActiveCfg = Release|Any CPU
		{4AA2EC27-4E8D-4812-820E-00C23534B054}.Release|Mixed Platforms.Build.0 = Release|Any CPU
		{4AA2EC27-4E8D-4812-820E-00C23534B054}.Release|x86.ActiveCfg = Release|Any CPU
		{39B5D464-05B2-4DCE-80C2-E74AC543494C}.Debug|Any CPU.ActiveCfg = Debug|Any CPU
		{39B5D464-05B2-4DCE-80C2-E74AC543494C}.Debug|Any CPU.Build.0 = Debug|Any CPU
		{39B5D464-05B2-4DCE-80C2-E74AC543494C}.Debug|Mixed Platforms.ActiveCfg = Debug|Any CPU
		{39B5D464-05B2-4DCE-80C2-E74AC543494C}.Debug|Mixed Platforms.Build.0 = Debug|Any CPU
		{39B5D464-05B2-4DCE-80C2-E74AC543494C}.Debug|x86.ActiveCfg = Debug|Any CPU
		{39B5D464-05B2-4DCE-80C2-E74AC543494C}.Release|Any CPU.ActiveCfg = Release|Any CPU
		{39B5D464-05B2-4DCE-80C2-E74AC543494C}.Release|Any CPU.Build.0 = Release|Any CPU
		{39B5D464-05B2-4DCE-80C2-E74AC543494C}.Release|Mixed Platforms.ActiveCfg = Release|Any CPU
		{39B5D464-05B2-4DCE-80C2-E74AC543494C}.Release|Mixed Platforms.Build.0 = Release|Any CPU
		{39B5D464-05B2-4DCE-80C2-E74AC543494C}.Release|x86.ActiveCfg = Release|Any CPU
		{8BB66219-AD47-4B9A-8274-72133B867F96}.Debug|Any CPU.ActiveCfg = Debug|x86
		{8BB66219-AD47-4B9A-8274-72133B867F96}.Debug|Mixed Platforms.ActiveCfg = Debug|x86
		{8BB66219-AD47-4B9A-8274-72133B867F96}.Debug|Mixed Platforms.Build.0 = Debug|x86
		{8BB66219-AD47-4B9A-8274-72133B867F96}.Debug|x86.ActiveCfg = Debug|x86
		{8BB66219-AD47-4B9A-8274-72133B867F96}.Debug|x86.Build.0 = Debug|x86
		{8BB66219-AD47-4B9A-8274-72133B867F96}.Release|Any CPU.ActiveCfg = Release|x86
		{8BB66219-AD47-4B9A-8274-72133B867F96}.Release|Mixed Platforms.ActiveCfg = Release|x86
		{8BB66219-AD47-4B9A-8274-72133B867F96}.Release|Mixed Platforms.Build.0 = Release|x86
		{8BB66219-AD47-4B9A-8274-72133B867F96}.Release|x86.ActiveCfg = Release|x86
		{8BB66219-AD47-4B9A-8274-72133B867F96}.Release|x86.Build.0 = Release|x86
	EndGlobalSection
	GlobalSection(SolutionProperties) = preSolution
		HideSolutionNode = FALSE
	EndGlobalSection
EndGlobal
