
Microsoft Visual Studio Solution File, Format Version 12.00
# Visual Studio 2012
Project("{FAE04EC0-301F-11D3-BF4B-00C04F79EFBC}") = "Numerics Generator", "Numerics Generator\Numerics Generator.csproj", "{51B367DF-235D-43AC-BDF5-8DE3781AA76F}"
EndProject
Project("{FAE04EC0-301F-11D3-BF4B-00C04F79EFBC}") = "Spatial", "Spatial\Spatial.csproj", "{DC1263DC-87AD-4A2A-9115-DFC77E88074A}"
EndProject
Project("{FAE04EC0-301F-11D3-BF4B-00C04F79EFBC}") = "SharpIL", "SharpIL\SharpIL.csproj", "{55ACA20C-0204-4A40-B274-5BC258CEC87F}"
EndProject
Project("{FAE04EC0-301F-11D3-BF4B-00C04F79EFBC}") = "Media", "Media\Media.csproj", "{E60F78BE-B464-4894-81BE-18140411B5FE}"
EndProject
Project("{FAE04EC0-301F-11D3-BF4B-00C04F79EFBC}") = "Graphics", "Graphics\Graphics.csproj", "{005CDA62-BC5A-49DF-A9A1-835070AE06B4}"
EndProject
Project("{FAE04EC0-301F-11D3-BF4B-00C04F79EFBC}") = "Game", "Game\Game.csproj", "{A61DDA63-FF55-4393-8390-D3B94911B31E}"
EndProject
Project("{FAE04EC0-301F-11D3-BF4B-00C04F79EFBC}") = "Packaging", "Packaging\Packaging.csproj", "{7EE0D750-A48A-4832-AF90-A1DE4D73B7AB}"
EndProject
Project("{FAE04EC0-301F-11D3-BF4B-00C04F79EFBC}") = "Valve", "Valve\Valve.csproj", "{4AA2EC27-4E8D-4812-820E-00C23534B054}"
EndProject
Project("{FAE04EC0-301F-11D3-BF4B-00C04F79EFBC}") = "SharpAL", "SharpAL\SharpAL.csproj", "{C015A134-9EE4-4691-9E1B-D0256AF9FAF7}"
EndProject
Project("{FAE04EC0-301F-11D3-BF4B-00C04F79EFBC}") = "OpenAL", "OpenAL\OpenAL.csproj", "{39B5D464-05B2-4DCE-80C2-E74AC543494C}"
EndProject
Project("{FAE04EC0-301F-11D3-BF4B-00C04F79EFBC}") = "Ibasa", "Ibasa\Ibasa.csproj", "{5BDD6D94-0FA4-415C-9625-141347AC5BEF}"
	ProjectSection(ProjectDependencies) = postProject
		{222D3F73-3E00-4F60-B3D9-ED9A0C289B06} = {222D3F73-3E00-4F60-B3D9-ED9A0C289B06}
	EndProjectSection
EndProject
Project("{FAE04EC0-301F-11D3-BF4B-00C04F79EFBC}") = "OpenCL", "OpenCL\OpenCL.csproj", "{4435D9ED-80C8-4E0C-BCB7-2E74E9ED5C07}"
EndProject
Project("{FAE04EC0-301F-11D3-BF4B-00C04F79EFBC}") = "Test", "Test\Test.csproj", "{3ADDE742-EFFF-4778-8C2C-899EB5BED838}"
EndProject
Project("{F2A71F9B-5D33-465A-A702-920D77279786}") = "FSTest", "FSTest\FSTest.fsproj", "{47405D7A-450F-4B9F-A497-179CC06031F3}"
EndProject
Project("{F2A71F9B-5D33-465A-A702-920D77279786}") = "Bitcoin", "Bitcoin\Bitcoin.fsproj", "{4DA439BB-23D2-472E-B411-4FDD6F753D37}"
EndProject
Project("{FAE04EC0-301F-11D3-BF4B-00C04F79EFBC}") = "InteropBuilder", "InteropBuilder\InteropBuilder.csproj", "{222D3F73-3E00-4F60-B3D9-ED9A0C289B06}"
EndProject
Project("{FAE04EC0-301F-11D3-BF4B-00C04F79EFBC}") = "Xna", "Xna\Xna.csproj", "{BBB72BA0-EDFE-455B-A280-0316108EC692}"
EndProject
Project("{FAE04EC0-301F-11D3-BF4B-00C04F79EFBC}") = "Platform", "Platform\Platform.csproj", "{282EB28D-B6AD-49E8-8743-A79ACC6468FB}"
EndProject
Project("{FAE04EC0-301F-11D3-BF4B-00C04F79EFBC}") = "OpenGL", "OpenGL\OpenGL.csproj", "{4A7804E5-67A1-4D19-AF87-1180C0F3C368}"
	ProjectSection(ProjectDependencies) = postProject
		{F4F7E872-6A26-40D8-91B4-CBEBB6BE3B1D} = {F4F7E872-6A26-40D8-91B4-CBEBB6BE3B1D}
	EndProjectSection
EndProject
Project("{FAE04EC0-301F-11D3-BF4B-00C04F79EFBC}") = "Numerics", "Numerics\Numerics.csproj", "{506E525D-5B23-4066-904D-C054C3EF74A8}"
	ProjectSection(ProjectDependencies) = postProject
		{51B367DF-235D-43AC-BDF5-8DE3781AA76F} = {51B367DF-235D-43AC-BDF5-8DE3781AA76F}
	EndProjectSection
EndProject
Project("{FAE04EC0-301F-11D3-BF4B-00C04F79EFBC}") = "Blizzard", "Blizzard\Blizzard.csproj", "{3A824756-54DA-482F-8FD1-BB1DFECA826E}"
EndProject
Project("{FAE04EC0-301F-11D3-BF4B-00C04F79EFBC}") = "OpenGLBuilder", "OpenGLBuilder\OpenGLBuilder.csproj", "{F4F7E872-6A26-40D8-91B4-CBEBB6BE3B1D}"
EndProject
Project("{FAE04EC0-301F-11D3-BF4B-00C04F79EFBC}") = "Cryptography", "Cryptography\Cryptography.csproj", "{4BB406BE-B6DA-439D-8321-BD664D9CD4EF}"
EndProject
Global
	GlobalSection(SolutionConfigurationPlatforms) = preSolution
		Debug|Any CPU = Debug|Any CPU
		Debug|Mixed Platforms = Debug|Mixed Platforms
		Debug|x86 = Debug|x86
		Release|Any CPU = Release|Any CPU
		Release|Mixed Platforms = Release|Mixed Platforms
		Release|x86 = Release|x86
	EndGlobalSection
	GlobalSection(ProjectConfigurationPlatforms) = postSolution
		{51B367DF-235D-43AC-BDF5-8DE3781AA76F}.Debug|Any CPU.ActiveCfg = Debug|Any CPU
		{51B367DF-235D-43AC-BDF5-8DE3781AA76F}.Debug|Any CPU.Build.0 = Debug|Any CPU
		{51B367DF-235D-43AC-BDF5-8DE3781AA76F}.Debug|Mixed Platforms.ActiveCfg = Debug|Any CPU
		{51B367DF-235D-43AC-BDF5-8DE3781AA76F}.Debug|Mixed Platforms.Build.0 = Debug|Any CPU
		{51B367DF-235D-43AC-BDF5-8DE3781AA76F}.Debug|x86.ActiveCfg = Debug|Any CPU
		{51B367DF-235D-43AC-BDF5-8DE3781AA76F}.Release|Any CPU.ActiveCfg = Release|Any CPU
		{51B367DF-235D-43AC-BDF5-8DE3781AA76F}.Release|Any CPU.Build.0 = Release|Any CPU
		{51B367DF-235D-43AC-BDF5-8DE3781AA76F}.Release|Mixed Platforms.ActiveCfg = Release|Any CPU
		{51B367DF-235D-43AC-BDF5-8DE3781AA76F}.Release|Mixed Platforms.Build.0 = Release|Any CPU
		{51B367DF-235D-43AC-BDF5-8DE3781AA76F}.Release|x86.ActiveCfg = Release|Any CPU
		{DC1263DC-87AD-4A2A-9115-DFC77E88074A}.Debug|Any CPU.ActiveCfg = Debug|Any CPU
		{DC1263DC-87AD-4A2A-9115-DFC77E88074A}.Debug|Any CPU.Build.0 = Debug|Any CPU
		{DC1263DC-87AD-4A2A-9115-DFC77E88074A}.Debug|Mixed Platforms.ActiveCfg = Debug|Any CPU
		{DC1263DC-87AD-4A2A-9115-DFC77E88074A}.Debug|Mixed Platforms.Build.0 = Debug|Any CPU
		{DC1263DC-87AD-4A2A-9115-DFC77E88074A}.Debug|x86.ActiveCfg = Debug|Any CPU
		{DC1263DC-87AD-4A2A-9115-DFC77E88074A}.Release|Any CPU.ActiveCfg = Release|Any CPU
		{DC1263DC-87AD-4A2A-9115-DFC77E88074A}.Release|Any CPU.Build.0 = Release|Any CPU
		{DC1263DC-87AD-4A2A-9115-DFC77E88074A}.Release|Mixed Platforms.ActiveCfg = Release|Any CPU
		{DC1263DC-87AD-4A2A-9115-DFC77E88074A}.Release|Mixed Platforms.Build.0 = Release|Any CPU
		{DC1263DC-87AD-4A2A-9115-DFC77E88074A}.Release|x86.ActiveCfg = Release|Any CPU
		{55ACA20C-0204-4A40-B274-5BC258CEC87F}.Debug|Any CPU.ActiveCfg = Debug|Any CPU
		{55ACA20C-0204-4A40-B274-5BC258CEC87F}.Debug|Any CPU.Build.0 = Debug|Any CPU
		{55ACA20C-0204-4A40-B274-5BC258CEC87F}.Debug|Mixed Platforms.ActiveCfg = Debug|Any CPU
		{55ACA20C-0204-4A40-B274-5BC258CEC87F}.Debug|Mixed Platforms.Build.0 = Debug|Any CPU
		{55ACA20C-0204-4A40-B274-5BC258CEC87F}.Debug|x86.ActiveCfg = Debug|Any CPU
		{55ACA20C-0204-4A40-B274-5BC258CEC87F}.Release|Any CPU.ActiveCfg = Release|Any CPU
		{55ACA20C-0204-4A40-B274-5BC258CEC87F}.Release|Any CPU.Build.0 = Release|Any CPU
		{55ACA20C-0204-4A40-B274-5BC258CEC87F}.Release|Mixed Platforms.ActiveCfg = Release|Any CPU
		{55ACA20C-0204-4A40-B274-5BC258CEC87F}.Release|Mixed Platforms.Build.0 = Release|Any CPU
		{55ACA20C-0204-4A40-B274-5BC258CEC87F}.Release|x86.ActiveCfg = Release|Any CPU
		{E60F78BE-B464-4894-81BE-18140411B5FE}.Debug|Any CPU.ActiveCfg = Debug|Any CPU
		{E60F78BE-B464-4894-81BE-18140411B5FE}.Debug|Any CPU.Build.0 = Debug|Any CPU
		{E60F78BE-B464-4894-81BE-18140411B5FE}.Debug|Mixed Platforms.ActiveCfg = Debug|Any CPU
		{E60F78BE-B464-4894-81BE-18140411B5FE}.Debug|Mixed Platforms.Build.0 = Debug|Any CPU
		{E60F78BE-B464-4894-81BE-18140411B5FE}.Debug|x86.ActiveCfg = Debug|Any CPU
		{E60F78BE-B464-4894-81BE-18140411B5FE}.Release|Any CPU.ActiveCfg = Release|Any CPU
		{E60F78BE-B464-4894-81BE-18140411B5FE}.Release|Any CPU.Build.0 = Release|Any CPU
		{E60F78BE-B464-4894-81BE-18140411B5FE}.Release|Mixed Platforms.ActiveCfg = Release|Any CPU
		{E60F78BE-B464-4894-81BE-18140411B5FE}.Release|Mixed Platforms.Build.0 = Release|Any CPU
		{E60F78BE-B464-4894-81BE-18140411B5FE}.Release|x86.ActiveCfg = Release|Any CPU
		{005CDA62-BC5A-49DF-A9A1-835070AE06B4}.Debug|Any CPU.ActiveCfg = Debug|Any CPU
		{005CDA62-BC5A-49DF-A9A1-835070AE06B4}.Debug|Any CPU.Build.0 = Debug|Any CPU
		{005CDA62-BC5A-49DF-A9A1-835070AE06B4}.Debug|Mixed Platforms.ActiveCfg = Debug|Any CPU
		{005CDA62-BC5A-49DF-A9A1-835070AE06B4}.Debug|Mixed Platforms.Build.0 = Debug|Any CPU
		{005CDA62-BC5A-49DF-A9A1-835070AE06B4}.Debug|x86.ActiveCfg = Debug|Any CPU
		{005CDA62-BC5A-49DF-A9A1-835070AE06B4}.Release|Any CPU.ActiveCfg = Release|Any CPU
		{005CDA62-BC5A-49DF-A9A1-835070AE06B4}.Release|Any CPU.Build.0 = Release|Any CPU
		{005CDA62-BC5A-49DF-A9A1-835070AE06B4}.Release|Mixed Platforms.ActiveCfg = Release|Any CPU
		{005CDA62-BC5A-49DF-A9A1-835070AE06B4}.Release|Mixed Platforms.Build.0 = Release|Any CPU
		{005CDA62-BC5A-49DF-A9A1-835070AE06B4}.Release|x86.ActiveCfg = Release|Any CPU
		{A61DDA63-FF55-4393-8390-D3B94911B31E}.Debug|Any CPU.ActiveCfg = Debug|Any CPU
		{A61DDA63-FF55-4393-8390-D3B94911B31E}.Debug|Any CPU.Build.0 = Debug|Any CPU
		{A61DDA63-FF55-4393-8390-D3B94911B31E}.Debug|Mixed Platforms.ActiveCfg = Debug|Any CPU
		{A61DDA63-FF55-4393-8390-D3B94911B31E}.Debug|Mixed Platforms.Build.0 = Debug|Any CPU
		{A61DDA63-FF55-4393-8390-D3B94911B31E}.Debug|x86.ActiveCfg = Debug|Any CPU
		{A61DDA63-FF55-4393-8390-D3B94911B31E}.Release|Any CPU.ActiveCfg = Release|Any CPU
		{A61DDA63-FF55-4393-8390-D3B94911B31E}.Release|Any CPU.Build.0 = Release|Any CPU
		{A61DDA63-FF55-4393-8390-D3B94911B31E}.Release|Mixed Platforms.ActiveCfg = Release|Any CPU
		{A61DDA63-FF55-4393-8390-D3B94911B31E}.Release|Mixed Platforms.Build.0 = Release|Any CPU
		{A61DDA63-FF55-4393-8390-D3B94911B31E}.Release|x86.ActiveCfg = Release|Any CPU
		{7EE0D750-A48A-4832-AF90-A1DE4D73B7AB}.Debug|Any CPU.ActiveCfg = Debug|Any CPU
		{7EE0D750-A48A-4832-AF90-A1DE4D73B7AB}.Debug|Any CPU.Build.0 = Debug|Any CPU
		{7EE0D750-A48A-4832-AF90-A1DE4D73B7AB}.Debug|Mixed Platforms.ActiveCfg = Debug|Any CPU
		{7EE0D750-A48A-4832-AF90-A1DE4D73B7AB}.Debug|Mixed Platforms.Build.0 = Debug|Any CPU
		{7EE0D750-A48A-4832-AF90-A1DE4D73B7AB}.Debug|x86.ActiveCfg = Debug|Any CPU
		{7EE0D750-A48A-4832-AF90-A1DE4D73B7AB}.Release|Any CPU.ActiveCfg = Release|Any CPU
		{7EE0D750-A48A-4832-AF90-A1DE4D73B7AB}.Release|Any CPU.Build.0 = Release|Any CPU
		{7EE0D750-A48A-4832-AF90-A1DE4D73B7AB}.Release|Mixed Platforms.ActiveCfg = Release|Any CPU
		{7EE0D750-A48A-4832-AF90-A1DE4D73B7AB}.Release|Mixed Platforms.Build.0 = Release|Any CPU
		{7EE0D750-A48A-4832-AF90-A1DE4D73B7AB}.Release|x86.ActiveCfg = Release|Any CPU
		{4AA2EC27-4E8D-4812-820E-00C23534B054}.Debug|Any CPU.ActiveCfg = Debug|Any CPU
		{4AA2EC27-4E8D-4812-820E-00C23534B054}.Debug|Any CPU.Build.0 = Debug|Any CPU
		{4AA2EC27-4E8D-4812-820E-00C23534B054}.Debug|Mixed Platforms.ActiveCfg = Debug|Any CPU
		{4AA2EC27-4E8D-4812-820E-00C23534B054}.Debug|Mixed Platforms.Build.0 = Debug|Any CPU
		{4AA2EC27-4E8D-4812-820E-00C23534B054}.Debug|x86.ActiveCfg = Debug|Any CPU
		{4AA2EC27-4E8D-4812-820E-00C23534B054}.Release|Any CPU.ActiveCfg = Release|Any CPU
		{4AA2EC27-4E8D-4812-820E-00C23534B054}.Release|Any CPU.Build.0 = Release|Any CPU
		{4AA2EC27-4E8D-4812-820E-00C23534B054}.Release|Mixed Platforms.ActiveCfg = Release|Any CPU
		{4AA2EC27-4E8D-4812-820E-00C23534B054}.Release|Mixed Platforms.Build.0 = Release|Any CPU
		{4AA2EC27-4E8D-4812-820E-00C23534B054}.Release|x86.ActiveCfg = Release|Any CPU
		{C015A134-9EE4-4691-9E1B-D0256AF9FAF7}.Debug|Any CPU.ActiveCfg = Debug|Any CPU
		{C015A134-9EE4-4691-9E1B-D0256AF9FAF7}.Debug|Any CPU.Build.0 = Debug|Any CPU
		{C015A134-9EE4-4691-9E1B-D0256AF9FAF7}.Debug|Mixed Platforms.ActiveCfg = Debug|Any CPU
		{C015A134-9EE4-4691-9E1B-D0256AF9FAF7}.Debug|Mixed Platforms.Build.0 = Debug|Any CPU
		{C015A134-9EE4-4691-9E1B-D0256AF9FAF7}.Debug|x86.ActiveCfg = Debug|Any CPU
		{C015A134-9EE4-4691-9E1B-D0256AF9FAF7}.Release|Any CPU.ActiveCfg = Release|Any CPU
		{C015A134-9EE4-4691-9E1B-D0256AF9FAF7}.Release|Any CPU.Build.0 = Release|Any CPU
		{C015A134-9EE4-4691-9E1B-D0256AF9FAF7}.Release|Mixed Platforms.ActiveCfg = Release|Any CPU
		{C015A134-9EE4-4691-9E1B-D0256AF9FAF7}.Release|Mixed Platforms.Build.0 = Release|Any CPU
		{C015A134-9EE4-4691-9E1B-D0256AF9FAF7}.Release|x86.ActiveCfg = Release|Any CPU
		{39B5D464-05B2-4DCE-80C2-E74AC543494C}.Debug|Any CPU.ActiveCfg = Debug|Any CPU
		{39B5D464-05B2-4DCE-80C2-E74AC543494C}.Debug|Any CPU.Build.0 = Debug|Any CPU
		{39B5D464-05B2-4DCE-80C2-E74AC543494C}.Debug|Mixed Platforms.ActiveCfg = Debug|Any CPU
		{39B5D464-05B2-4DCE-80C2-E74AC543494C}.Debug|Mixed Platforms.Build.0 = Debug|Any CPU
		{39B5D464-05B2-4DCE-80C2-E74AC543494C}.Debug|x86.ActiveCfg = Debug|Any CPU
		{39B5D464-05B2-4DCE-80C2-E74AC543494C}.Release|Any CPU.ActiveCfg = Release|Any CPU
		{39B5D464-05B2-4DCE-80C2-E74AC543494C}.Release|Any CPU.Build.0 = Release|Any CPU
		{39B5D464-05B2-4DCE-80C2-E74AC543494C}.Release|Mixed Platforms.ActiveCfg = Release|Any CPU
		{39B5D464-05B2-4DCE-80C2-E74AC543494C}.Release|Mixed Platforms.Build.0 = Release|Any CPU
		{39B5D464-05B2-4DCE-80C2-E74AC543494C}.Release|x86.ActiveCfg = Release|Any CPU
		{5BDD6D94-0FA4-415C-9625-141347AC5BEF}.Debug|Any CPU.ActiveCfg = Debug|Any CPU
		{5BDD6D94-0FA4-415C-9625-141347AC5BEF}.Debug|Any CPU.Build.0 = Debug|Any CPU
		{5BDD6D94-0FA4-415C-9625-141347AC5BEF}.Debug|Mixed Platforms.ActiveCfg = Debug|Any CPU
		{5BDD6D94-0FA4-415C-9625-141347AC5BEF}.Debug|Mixed Platforms.Build.0 = Debug|Any CPU
		{5BDD6D94-0FA4-415C-9625-141347AC5BEF}.Debug|x86.ActiveCfg = Debug|Any CPU
		{5BDD6D94-0FA4-415C-9625-141347AC5BEF}.Release|Any CPU.ActiveCfg = Release|Any CPU
		{5BDD6D94-0FA4-415C-9625-141347AC5BEF}.Release|Any CPU.Build.0 = Release|Any CPU
		{5BDD6D94-0FA4-415C-9625-141347AC5BEF}.Release|Mixed Platforms.ActiveCfg = Release|Any CPU
		{5BDD6D94-0FA4-415C-9625-141347AC5BEF}.Release|Mixed Platforms.Build.0 = Release|Any CPU
		{5BDD6D94-0FA4-415C-9625-141347AC5BEF}.Release|x86.ActiveCfg = Release|Any CPU
		{4435D9ED-80C8-4E0C-BCB7-2E74E9ED5C07}.Debug|Any CPU.ActiveCfg = Debug|Any CPU
		{4435D9ED-80C8-4E0C-BCB7-2E74E9ED5C07}.Debug|Any CPU.Build.0 = Debug|Any CPU
		{4435D9ED-80C8-4E0C-BCB7-2E74E9ED5C07}.Debug|Mixed Platforms.ActiveCfg = Debug|Any CPU
		{4435D9ED-80C8-4E0C-BCB7-2E74E9ED5C07}.Debug|Mixed Platforms.Build.0 = Debug|Any CPU
		{4435D9ED-80C8-4E0C-BCB7-2E74E9ED5C07}.Debug|x86.ActiveCfg = Debug|Any CPU
		{4435D9ED-80C8-4E0C-BCB7-2E74E9ED5C07}.Release|Any CPU.ActiveCfg = Release|Any CPU
		{4435D9ED-80C8-4E0C-BCB7-2E74E9ED5C07}.Release|Any CPU.Build.0 = Release|Any CPU
		{4435D9ED-80C8-4E0C-BCB7-2E74E9ED5C07}.Release|Mixed Platforms.ActiveCfg = Release|Any CPU
		{4435D9ED-80C8-4E0C-BCB7-2E74E9ED5C07}.Release|Mixed Platforms.Build.0 = Release|Any CPU
		{4435D9ED-80C8-4E0C-BCB7-2E74E9ED5C07}.Release|x86.ActiveCfg = Release|Any CPU
		{3ADDE742-EFFF-4778-8C2C-899EB5BED838}.Debug|Any CPU.ActiveCfg = Debug|Any CPU
		{3ADDE742-EFFF-4778-8C2C-899EB5BED838}.Debug|Any CPU.Build.0 = Debug|Any CPU
		{3ADDE742-EFFF-4778-8C2C-899EB5BED838}.Debug|Mixed Platforms.ActiveCfg = Debug|Any CPU
		{3ADDE742-EFFF-4778-8C2C-899EB5BED838}.Debug|Mixed Platforms.Build.0 = Debug|Any CPU
		{3ADDE742-EFFF-4778-8C2C-899EB5BED838}.Debug|x86.ActiveCfg = Debug|Any CPU
		{3ADDE742-EFFF-4778-8C2C-899EB5BED838}.Release|Any CPU.ActiveCfg = Release|Any CPU
		{3ADDE742-EFFF-4778-8C2C-899EB5BED838}.Release|Any CPU.Build.0 = Release|Any CPU
		{3ADDE742-EFFF-4778-8C2C-899EB5BED838}.Release|Mixed Platforms.ActiveCfg = Release|Any CPU
		{3ADDE742-EFFF-4778-8C2C-899EB5BED838}.Release|Mixed Platforms.Build.0 = Release|Any CPU
		{3ADDE742-EFFF-4778-8C2C-899EB5BED838}.Release|x86.ActiveCfg = Release|Any CPU
		{47405D7A-450F-4B9F-A497-179CC06031F3}.Debug|Any CPU.ActiveCfg = Debug|Any CPU
		{47405D7A-450F-4B9F-A497-179CC06031F3}.Debug|Any CPU.Build.0 = Debug|Any CPU
		{47405D7A-450F-4B9F-A497-179CC06031F3}.Debug|Mixed Platforms.ActiveCfg = Debug|Any CPU
		{47405D7A-450F-4B9F-A497-179CC06031F3}.Debug|Mixed Platforms.Build.0 = Debug|Any CPU
		{47405D7A-450F-4B9F-A497-179CC06031F3}.Debug|x86.ActiveCfg = Debug|Any CPU
		{47405D7A-450F-4B9F-A497-179CC06031F3}.Release|Any CPU.ActiveCfg = Release|Any CPU
		{47405D7A-450F-4B9F-A497-179CC06031F3}.Release|Any CPU.Build.0 = Release|Any CPU
		{47405D7A-450F-4B9F-A497-179CC06031F3}.Release|Mixed Platforms.ActiveCfg = Release|Any CPU
		{47405D7A-450F-4B9F-A497-179CC06031F3}.Release|Mixed Platforms.Build.0 = Release|Any CPU
		{47405D7A-450F-4B9F-A497-179CC06031F3}.Release|x86.ActiveCfg = Release|Any CPU
		{4DA439BB-23D2-472E-B411-4FDD6F753D37}.Debug|Any CPU.ActiveCfg = Debug|Any CPU
		{4DA439BB-23D2-472E-B411-4FDD6F753D37}.Debug|Any CPU.Build.0 = Debug|Any CPU
		{4DA439BB-23D2-472E-B411-4FDD6F753D37}.Debug|Mixed Platforms.ActiveCfg = Debug|Any CPU
		{4DA439BB-23D2-472E-B411-4FDD6F753D37}.Debug|Mixed Platforms.Build.0 = Debug|Any CPU
		{4DA439BB-23D2-472E-B411-4FDD6F753D37}.Debug|x86.ActiveCfg = Debug|Any CPU
		{4DA439BB-23D2-472E-B411-4FDD6F753D37}.Release|Any CPU.ActiveCfg = Release|Any CPU
		{4DA439BB-23D2-472E-B411-4FDD6F753D37}.Release|Any CPU.Build.0 = Release|Any CPU
		{4DA439BB-23D2-472E-B411-4FDD6F753D37}.Release|Mixed Platforms.ActiveCfg = Release|Any CPU
		{4DA439BB-23D2-472E-B411-4FDD6F753D37}.Release|Mixed Platforms.Build.0 = Release|Any CPU
		{4DA439BB-23D2-472E-B411-4FDD6F753D37}.Release|x86.ActiveCfg = Release|Any CPU
		{222D3F73-3E00-4F60-B3D9-ED9A0C289B06}.Debug|Any CPU.ActiveCfg = Debug|Any CPU
		{222D3F73-3E00-4F60-B3D9-ED9A0C289B06}.Debug|Any CPU.Build.0 = Debug|Any CPU
		{222D3F73-3E00-4F60-B3D9-ED9A0C289B06}.Debug|Mixed Platforms.ActiveCfg = Debug|Any CPU
		{222D3F73-3E00-4F60-B3D9-ED9A0C289B06}.Debug|Mixed Platforms.Build.0 = Debug|Any CPU
		{222D3F73-3E00-4F60-B3D9-ED9A0C289B06}.Debug|x86.ActiveCfg = Debug|Any CPU
		{222D3F73-3E00-4F60-B3D9-ED9A0C289B06}.Release|Any CPU.ActiveCfg = Release|Any CPU
		{222D3F73-3E00-4F60-B3D9-ED9A0C289B06}.Release|Any CPU.Build.0 = Release|Any CPU
		{222D3F73-3E00-4F60-B3D9-ED9A0C289B06}.Release|Mixed Platforms.ActiveCfg = Release|Any CPU
		{222D3F73-3E00-4F60-B3D9-ED9A0C289B06}.Release|Mixed Platforms.Build.0 = Release|Any CPU
		{222D3F73-3E00-4F60-B3D9-ED9A0C289B06}.Release|x86.ActiveCfg = Release|Any CPU
		{BBB72BA0-EDFE-455B-A280-0316108EC692}.Debug|Any CPU.ActiveCfg = Debug|x86
		{BBB72BA0-EDFE-455B-A280-0316108EC692}.Debug|Mixed Platforms.ActiveCfg = Debug|x86
		{BBB72BA0-EDFE-455B-A280-0316108EC692}.Debug|Mixed Platforms.Build.0 = Debug|x86
		{BBB72BA0-EDFE-455B-A280-0316108EC692}.Debug|x86.ActiveCfg = Debug|x86
		{BBB72BA0-EDFE-455B-A280-0316108EC692}.Debug|x86.Build.0 = Debug|x86
		{BBB72BA0-EDFE-455B-A280-0316108EC692}.Release|Any CPU.ActiveCfg = Release|x86
		{BBB72BA0-EDFE-455B-A280-0316108EC692}.Release|Mixed Platforms.ActiveCfg = Release|x86
		{BBB72BA0-EDFE-455B-A280-0316108EC692}.Release|Mixed Platforms.Build.0 = Release|x86
		{BBB72BA0-EDFE-455B-A280-0316108EC692}.Release|x86.ActiveCfg = Release|x86
		{BBB72BA0-EDFE-455B-A280-0316108EC692}.Release|x86.Build.0 = Release|x86
		{282EB28D-B6AD-49E8-8743-A79ACC6468FB}.Debug|Any CPU.ActiveCfg = Debug|Any CPU
		{282EB28D-B6AD-49E8-8743-A79ACC6468FB}.Debug|Any CPU.Build.0 = Debug|Any CPU
		{282EB28D-B6AD-49E8-8743-A79ACC6468FB}.Debug|Mixed Platforms.ActiveCfg = Debug|Any CPU
		{282EB28D-B6AD-49E8-8743-A79ACC6468FB}.Debug|Mixed Platforms.Build.0 = Debug|Any CPU
		{282EB28D-B6AD-49E8-8743-A79ACC6468FB}.Debug|x86.ActiveCfg = Debug|Any CPU
		{282EB28D-B6AD-49E8-8743-A79ACC6468FB}.Release|Any CPU.ActiveCfg = Release|Any CPU
		{282EB28D-B6AD-49E8-8743-A79ACC6468FB}.Release|Any CPU.Build.0 = Release|Any CPU
		{282EB28D-B6AD-49E8-8743-A79ACC6468FB}.Release|Mixed Platforms.ActiveCfg = Release|Any CPU
		{282EB28D-B6AD-49E8-8743-A79ACC6468FB}.Release|Mixed Platforms.Build.0 = Release|Any CPU
		{282EB28D-B6AD-49E8-8743-A79ACC6468FB}.Release|x86.ActiveCfg = Release|Any CPU
		{4A7804E5-67A1-4D19-AF87-1180C0F3C368}.Debug|Any CPU.ActiveCfg = Debug|Any CPU
		{4A7804E5-67A1-4D19-AF87-1180C0F3C368}.Debug|Any CPU.Build.0 = Debug|Any CPU
		{4A7804E5-67A1-4D19-AF87-1180C0F3C368}.Debug|Mixed Platforms.ActiveCfg = Debug|Any CPU
		{4A7804E5-67A1-4D19-AF87-1180C0F3C368}.Debug|Mixed Platforms.Build.0 = Debug|Any CPU
		{4A7804E5-67A1-4D19-AF87-1180C0F3C368}.Debug|x86.ActiveCfg = Debug|Any CPU
		{4A7804E5-67A1-4D19-AF87-1180C0F3C368}.Release|Any CPU.ActiveCfg = Release|Any CPU
		{4A7804E5-67A1-4D19-AF87-1180C0F3C368}.Release|Any CPU.Build.0 = Release|Any CPU
		{4A7804E5-67A1-4D19-AF87-1180C0F3C368}.Release|Mixed Platforms.ActiveCfg = Release|Any CPU
		{4A7804E5-67A1-4D19-AF87-1180C0F3C368}.Release|Mixed Platforms.Build.0 = Release|Any CPU
		{4A7804E5-67A1-4D19-AF87-1180C0F3C368}.Release|x86.ActiveCfg = Release|Any CPU
		{506E525D-5B23-4066-904D-C054C3EF74A8}.Debug|Any CPU.ActiveCfg = Debug|Any CPU
		{506E525D-5B23-4066-904D-C054C3EF74A8}.Debug|Any CPU.Build.0 = Debug|Any CPU
		{506E525D-5B23-4066-904D-C054C3EF74A8}.Debug|Mixed Platforms.ActiveCfg = Debug|Any CPU
		{506E525D-5B23-4066-904D-C054C3EF74A8}.Debug|Mixed Platforms.Build.0 = Debug|Any CPU
		{506E525D-5B23-4066-904D-C054C3EF74A8}.Debug|x86.ActiveCfg = Debug|Any CPU
		{506E525D-5B23-4066-904D-C054C3EF74A8}.Release|Any CPU.ActiveCfg = Release|Any CPU
		{506E525D-5B23-4066-904D-C054C3EF74A8}.Release|Any CPU.Build.0 = Release|Any CPU
		{506E525D-5B23-4066-904D-C054C3EF74A8}.Release|Mixed Platforms.ActiveCfg = Release|Any CPU
		{506E525D-5B23-4066-904D-C054C3EF74A8}.Release|Mixed Platforms.Build.0 = Release|Any CPU
		{506E525D-5B23-4066-904D-C054C3EF74A8}.Release|x86.ActiveCfg = Release|Any CPU
		{3A824756-54DA-482F-8FD1-BB1DFECA826E}.Debug|Any CPU.ActiveCfg = Debug|Any CPU
		{3A824756-54DA-482F-8FD1-BB1DFECA826E}.Debug|Any CPU.Build.0 = Debug|Any CPU
		{3A824756-54DA-482F-8FD1-BB1DFECA826E}.Debug|Mixed Platforms.ActiveCfg = Debug|Any CPU
		{3A824756-54DA-482F-8FD1-BB1DFECA826E}.Debug|Mixed Platforms.Build.0 = Debug|Any CPU
		{3A824756-54DA-482F-8FD1-BB1DFECA826E}.Debug|x86.ActiveCfg = Debug|Any CPU
		{3A824756-54DA-482F-8FD1-BB1DFECA826E}.Release|Any CPU.ActiveCfg = Release|Any CPU
		{3A824756-54DA-482F-8FD1-BB1DFECA826E}.Release|Any CPU.Build.0 = Release|Any CPU
		{3A824756-54DA-482F-8FD1-BB1DFECA826E}.Release|Mixed Platforms.ActiveCfg = Release|Any CPU
		{3A824756-54DA-482F-8FD1-BB1DFECA826E}.Release|Mixed Platforms.Build.0 = Release|Any CPU
		{3A824756-54DA-482F-8FD1-BB1DFECA826E}.Release|x86.ActiveCfg = Release|Any CPU
		{F4F7E872-6A26-40D8-91B4-CBEBB6BE3B1D}.Debug|Any CPU.ActiveCfg = Debug|Any CPU
		{F4F7E872-6A26-40D8-91B4-CBEBB6BE3B1D}.Debug|Any CPU.Build.0 = Debug|Any CPU
		{F4F7E872-6A26-40D8-91B4-CBEBB6BE3B1D}.Debug|Mixed Platforms.ActiveCfg = Debug|Any CPU
		{F4F7E872-6A26-40D8-91B4-CBEBB6BE3B1D}.Debug|Mixed Platforms.Build.0 = Debug|Any CPU
		{F4F7E872-6A26-40D8-91B4-CBEBB6BE3B1D}.Debug|x86.ActiveCfg = Debug|Any CPU
		{F4F7E872-6A26-40D8-91B4-CBEBB6BE3B1D}.Release|Any CPU.ActiveCfg = Release|Any CPU
		{F4F7E872-6A26-40D8-91B4-CBEBB6BE3B1D}.Release|Any CPU.Build.0 = Release|Any CPU
		{F4F7E872-6A26-40D8-91B4-CBEBB6BE3B1D}.Release|Mixed Platforms.ActiveCfg = Release|Any CPU
		{F4F7E872-6A26-40D8-91B4-CBEBB6BE3B1D}.Release|Mixed Platforms.Build.0 = Release|Any CPU
		{F4F7E872-6A26-40D8-91B4-CBEBB6BE3B1D}.Release|x86.ActiveCfg = Release|Any CPU
		{4BB406BE-B6DA-439D-8321-BD664D9CD4EF}.Debug|Any CPU.ActiveCfg = Debug|Any CPU
		{4BB406BE-B6DA-439D-8321-BD664D9CD4EF}.Debug|Any CPU.Build.0 = Debug|Any CPU
		{4BB406BE-B6DA-439D-8321-BD664D9CD4EF}.Debug|Mixed Platforms.ActiveCfg = Debug|Any CPU
		{4BB406BE-B6DA-439D-8321-BD664D9CD4EF}.Debug|Mixed Platforms.Build.0 = Debug|Any CPU
		{4BB406BE-B6DA-439D-8321-BD664D9CD4EF}.Debug|x86.ActiveCfg = Debug|Any CPU
		{4BB406BE-B6DA-439D-8321-BD664D9CD4EF}.Release|Any CPU.ActiveCfg = Release|Any CPU
		{4BB406BE-B6DA-439D-8321-BD664D9CD4EF}.Release|Any CPU.Build.0 = Release|Any CPU
		{4BB406BE-B6DA-439D-8321-BD664D9CD4EF}.Release|Mixed Platforms.ActiveCfg = Release|Any CPU
		{4BB406BE-B6DA-439D-8321-BD664D9CD4EF}.Release|Mixed Platforms.Build.0 = Release|Any CPU
		{4BB406BE-B6DA-439D-8321-BD664D9CD4EF}.Release|x86.ActiveCfg = Release|Any CPU
	EndGlobalSection
	GlobalSection(SolutionProperties) = preSolution
		HideSolutionNode = FALSE
	EndGlobalSection
EndGlobal
